# This file is automatically @generated by Cargo.
# It is not intended for manual editing.
version = 4

[[package]]
name = "smallaios-arch-aarch64"
version = "0.1.0"
dependencies = [
 "smallaios-kernel",
]

[[package]]
name = "smallaios-arch-amd"
version = "0.1.0"
dependencies = [
 "smallaios-kernel",
]

[[package]]
name = "smallaios-arch-intel-gpu"
version = "0.1.0"
dependencies = [
 "smallaios-kernel",
]

[[package]]
name = "smallaios-arch-nvidia"
version = "0.1.0"
dependencies = [
 "smallaios-kernel",
]

[[package]]
name = "smallaios-arch-riscv64"
version = "0.1.0"
dependencies = [
 "smallaios-kernel",
]

[[package]]
name = "smallaios-arch-x86_64"
version = "0.1.0"
dependencies = [
 "smallaios-kernel",
]

[[package]]
name = "smallaios-bench"
version = "0.1.0"
dependencies = [
 "smallaios-kernel",
]

[[package]]
name = "smallaios-bus"
version = "0.1.0"
dependencies = [
 "smallaios-kernel",
]

[[package]]
name = "smallaios-container"
version = "0.1.0"
dependencies = [
 "smallaios-arch-nvidia",
 "smallaios-ipc",
 "smallaios-kernel",
 "smallaios-net",
 "smallaios-onnx-rt",
 "smallaios-posix",
 "smallaios-security",
]

[[package]]
name = "smallaios-ipc"
version = "0.1.0"
dependencies = [
 "smallaios-kernel",
 "smallaios-security",
]

[[package]]
name = "smallaios-kernel"
version = "0.1.0"
dependencies = [
 "smallaios-security",
]

[[package]]
name = "smallaios-net"
version = "0.1.0"
dependencies = [
 "smallaios-kernel",
]

[[package]]
name = "smallaios-onnx-rt"
version = "0.1.0"
dependencies = [
 "smallaios-arch-nvidia",
 "smallaios-kernel",
 "smallaios-security",
]

[[package]]
name = "smallaios-peripheral"
version = "0.1.0"
dependencies = [
 "smallaios-kernel",
 "smallaios-security",
]

[[package]]
name = "smallaios-posix"
version = "0.1.0"
dependencies = [
 "smallaios-kernel",
 "smallaios-net",
]

[[package]]
name = "smallaios-security"
version = "0.1.0"
